
Microsoft Visual Studio Solution File, Format Version 12.00
# Visual Studio Version 17
VisualStudioVersion = 17.9.34723.18
MinimumVisualStudioVersion = 10.0.40219.1
Project("{FAE04EC0-301F-11D3-BF4B-00C04F79EFBC}") = "ExampleDbHomework", "ExampleDbHomework\ExampleDbHomework.csproj", "{3363BFCC-6415-4C5F-8648-D93191AE182E}"
EndProject
Global
	GlobalSection(SolutionConfigurationPlatforms) = preSolution
		Debug|Any CPU = Debug|Any CPU
		Release|Any CPU = Release|Any CPU
	EndGlobalSection
	GlobalSection(ProjectConfigurationPlatforms) = postSolution
		{3363BFCC-6415-4C5F-8648-D93191AE182E}.Debug|Any CPU.ActiveCfg = Debug|Any CPU
		{3363BFCC-6415-4C5F-8648-D93191AE182E}.Debug|Any CPU.Build.0 = Debug|Any CPU
		{3363BFCC-6415-4C5F-8648-D93191AE182E}.Release|Any CPU.ActiveCfg = Release|Any CPU
		{3363BFCC-6415-4C5F-8648-D93191AE182E}.Release|Any CPU.Build.0 = Release|Any CPU
	EndGlobalSection
	GlobalSection(SolutionProperties) = preSolution
		HideSolutionNode = FALSE
	EndGlobalSection
	GlobalSection(ExtensibilityGlobals) = postSolution
		SolutionGuid = {64B3CDB5-5A17-4235-8266-14A39F35E254}
	EndGlobalSection
EndGlobal
